// !$*UTF8*$!
{
	archiveVersion = 1;
	classes = {
	};
	objectVersion = 46;
	objects = {

/* Begin PBXBuildFile section */
		2A6864F01B77402700884502 /* SettingViewController.swift in Sources */ = {isa = PBXBuildFile; fileRef = 2A6864EF1B77402700884502 /* SettingViewController.swift */; };
		2AF459331B7737A200708CAB /* AppDelegate.swift in Sources */ = {isa = PBXBuildFile; fileRef = 2AF459321B7737A200708CAB /* AppDelegate.swift */; };
		2AF459351B7737A200708CAB /* TipViewController.swift in Sources */ = {isa = PBXBuildFile; fileRef = 2AF459341B7737A200708CAB /* TipViewController.swift */; };
		2AF459381B7737A200708CAB /* Main.storyboard in Resources */ = {isa = PBXBuildFile; fileRef = 2AF459361B7737A200708CAB /* Main.storyboard */; };
		2AF4593A1B7737A200708CAB /* Images.xcassets in Resources */ = {isa = PBXBuildFile; fileRef = 2AF459391B7737A200708CAB /* Images.xcassets */; };
		2AF4593D1B7737A200708CAB /* LaunchScreen.xib in Resources */ = {isa = PBXBuildFile; fileRef = 2AF4593B1B7737A200708CAB /* LaunchScreen.xib */; };
		2AF459491B7737A300708CAB /* Tip_CalculatorTests.swift in Sources */ = {isa = PBXBuildFile; fileRef = 2AF459481B7737A300708CAB /* Tip_CalculatorTests.swift */; };
/* End PBXBuildFile section */

/* Begin PBXContainerItemProxy section */
		2AF459431B7737A300708CAB /* PBXContainerItemProxy */ = {
			isa = PBXContainerItemProxy;
			containerPortal = 2AF459251B7737A200708CAB /* Project object */;
			proxyType = 1;
			remoteGlobalIDString = 2AF4592C1B7737A200708CAB;
			remoteInfo = "Tip Calculator";
		};
/* End PBXContainerItemProxy section */

/* Begin PBXFileReference section */
		2A6864EF1B77402700884502 /* SettingViewController.swift */ = {isa = PBXFileReference; fileEncoding = 4; lastKnownFileType = sourcecode.swift; path = SettingViewController.swift; sourceTree = "<group>"; };
		2AF4592D1B7737A200708CAB /* Tip Calculator.app */ = {isa = PBXFileReference; explicitFileType = wrapper.application; includeInIndex = 0; path = "Tip Calculator.app"; sourceTree = BUILT_PRODUCTS_DIR; };
		2AF459311B7737A200708CAB /* Info.plist */ = {isa = PBXFileReference; lastKnownFileType = text.plist.xml; path = Info.plist; sourceTree = "<group>"; };
		2AF459321B7737A200708CAB /* AppDelegate.swift */ = {isa = PBXFileReference; lastKnownFileType = sourcecode.swift; path = AppDelegate.swift; sourceTree = "<group>"; };
		2AF459341B7737A200708CAB /* TipViewController.swift */ = {isa = PBXFileReference; lastKnownFileType = sourcecode.swift; path = TipViewController.swift; sourceTree = "<group>"; };
		2AF459371B7737A200708CAB /* Base */ = {isa = PBXFileReference; lastKnownFileType = file.storyboard; name = Base; path = Base.lproj/Main.storyboard; sourceTree = "<group>"; };
		2AF459391B7737A200708CAB /* Images.xcassets */ = {isa = PBXFileReference; lastKnownFileType = folder.assetcatalog; path = Images.xcassets; sourceTree = "<group>"; };
		2AF4593C1B7737A200708CAB /* Base */ = {isa = PBXFileReference; lastKnownFileType = file.xib; name = Base; path = Base.lproj/LaunchScreen.xib; sourceTree = "<group>"; };
		2AF459421B7737A300708CAB /* Tip CalculatorTests.xctest */ = {isa = PBXFileReference; explicitFileType = wrapper.cfbundle; includeInIndex = 0; path = "Tip CalculatorTests.xctest"; sourceTree = BUILT_PRODUCTS_DIR; };
		2AF459471B7737A300708CAB /* Info.plist */ = {isa = PBXFileReference; lastKnownFileType = text.plist.xml; path = Info.plist; sourceTree = "<group>"; };
		2AF459481B7737A300708CAB /* Tip_CalculatorTests.swift */ = {isa = PBXFileReference; lastKnownFileType = sourcecode.swift; path = Tip_CalculatorTests.swift; sourceTree = "<group>"; };
/* End PBXFileReference section */

/* Begin PBXFrameworksBuildPhase section */
		2AF4592A1B7737A200708CAB /* Frameworks */ = {
			isa = PBXFrameworksBuildPhase;
			buildActionMask = 2147483647;
			files = (
			);
			runOnlyForDeploymentPostprocessing = 0;
		};
		2AF4593F1B7737A300708CAB /* Frameworks */ = {
			isa = PBXFrameworksBuildPhase;
			buildActionMask = 2147483647;
			files = (
			);
			runOnlyForDeploymentPostprocessing = 0;
		};
/* End PBXFrameworksBuildPhase section */

/* Begin PBXGroup section */
		2AF459241B7737A200708CAB = {
			isa = PBXGroup;
			children = (
				2AF4592F1B7737A200708CAB /* Tip Calculator */,
				2AF459451B7737A300708CAB /* Tip CalculatorTests */,
				2AF4592E1B7737A200708CAB /* Products */,
			);
			sourceTree = "<group>";
		};
		2AF4592E1B7737A200708CAB /* Products */ = {
			isa = PBXGroup;
			children = (
				2AF4592D1B7737A200708CAB /* Tip Calculator.app */,
				2AF459421B7737A300708CAB /* Tip CalculatorTests.xctest */,
			);
			name = Products;
			sourceTree = "<group>";
		};
		2AF4592F1B7737A200708CAB /* Tip Calculator */ = {
			isa = PBXGroup;
			children = (
				2AF459321B7737A200708CAB /* AppDelegate.swift */,
				2AF459341B7737A200708CAB /* TipViewController.swift */,
				2A6864EF1B77402700884502 /* SettingViewController.swift */,
				2AF459361B7737A200708CAB /* Main.storyboard */,
				2AF459391B7737A200708CAB /* Images.xcassets */,
				2AF4593B1B7737A200708CAB /* LaunchScreen.xib */,
				2AF459301B7737A200708CAB /* Supporting Files */,
			);
			path = "Tip Calculator";
			sourceTree = "<group>";
		};
		2AF459301B7737A200708CAB /* Supporting Files */ = {
			isa = PBXGroup;
			children = (
				2AF459311B7737A200708CAB /* Info.plist */,
			);
			name = "Supporting Files";
			sourceTree = "<group>";
		};
		2AF459451B7737A300708CAB /* Tip CalculatorTests */ = {
			isa = PBXGroup;
			children = (
				2AF459481B7737A300708CAB /* Tip_CalculatorTests.swift */,
				2AF459461B7737A300708CAB /* Supporting Files */,
			);
			path = "Tip CalculatorTests";
			sourceTree = "<group>";
		};
		2AF459461B7737A300708CAB /* Supporting Files */ = {
			isa = PBXGroup;
			children = (
				2AF459471B7737A300708CAB /* Info.plist */,
			);
			name = "Supporting Files";
			sourceTree = "<group>";
		};
/* End PBXGroup section */

/* Begin PBXNativeTarget section */
		2AF4592C1B7737A200708CAB /* Tip Calculator */ = {
			isa = PBXNativeTarget;
			buildConfigurationList = 2AF4594C1B7737A300708CAB /* Build configuration list for PBXNativeTarget "Tip Calculator" */;
			buildPhases = (
				2AF459291B7737A200708CAB /* Sources */,
				2AF4592A1B7737A200708CAB /* Frameworks */,
				2AF4592B1B7737A200708CAB /* Resources */,
			);
			buildRules = (
			);
			dependencies = (
			);
			name = "Tip Calculator";
			productName = "Tip Calculator";
			productReference = 2AF4592D1B7737A200708CAB /* Tip Calculator.app */;
			productType = "com.apple.product-type.application";
		};
		2AF459411B7737A300708CAB /* Tip CalculatorTests */ = {
			isa = PBXNativeTarget;
			buildConfigurationList = 2AF4594F1B7737A300708CAB /* Build configuration list for PBXNativeTarget "Tip CalculatorTests" */;
			buildPhases = (
				2AF4593E1B7737A300708CAB /* Sources */,
				2AF4593F1B7737A300708CAB /* Frameworks */,
				2AF459401B7737A300708CAB /* Resources */,
			);
			buildRules = (
			);
			dependencies = (
				2AF459441B7737A300708CAB /* PBXTargetDependency */,
			);
			name = "Tip CalculatorTests";
			productName = "Tip CalculatorTests";
			productReference = 2AF459421B7737A300708CAB /* Tip CalculatorTests.xctest */;
			productType = "com.apple.product-type.bundle.unit-test";
		};
/* End PBXNativeTarget section */

/* Begin PBXProject section */
		2AF459251B7737A200708CAB /* Project object */ = {
			isa = PBXProject;
			attributes = {
				LastSwiftUpdateCheck = 0700;
				LastUpgradeCheck = 0640;
				TargetAttributes = {
					2AF4592C1B7737A200708CAB = {
						CreatedOnToolsVersion = 6.4;
					};
					2AF459411B7737A300708CAB = {
						CreatedOnToolsVersion = 6.4;
						TestTargetID = 2AF4592C1B7737A200708CAB;
					};
				};
			};
			buildConfigurationList = 2AF459281B7737A200708CAB /* Build configuration list for PBXProject "Tip Calculator" */;
			compatibilityVersion = "Xcode 3.2";
			developmentRegion = English;
			hasScannedForEncodings = 0;
			knownRegions = (
				en,
				Base,
			);
			mainGroup = 2AF459241B7737A200708CAB;
			productRefGroup = 2AF4592E1B7737A200708CAB /* Products */;
			projectDirPath = "";
			projectRoot = "";
			targets = (
				2AF4592C1B7737A200708CAB /* Tip Calculator */,
				2AF459411B7737A300708CAB /* Tip CalculatorTests */,
			);
		};
/* End PBXProject section */

/* Begin PBXResourcesBuildPhase section */
		2AF4592B1B7737A200708CAB /* Resources */ = {
			isa = PBXResourcesBuildPhase;
			buildActionMask = 2147483647;
			files = (
				2AF459381B7737A200708CAB /* Main.storyboard in Resources */,
				2AF4593D1B7737A200708CAB /* LaunchScreen.xib in Resources */,
				2AF4593A1B7737A200708CAB /* Images.xcassets in Resources */,
			);
			runOnlyForDeploymentPostprocessing = 0;
		};
		2AF459401B7737A300708CAB /* Resources */ = {
			isa = PBXResourcesBuildPhase;
			buildActionMask = 2147483647;
			files = (
			);
			runOnlyForDeploymentPostprocessing = 0;
		};
/* End PBXResourcesBuildPhase section */

/* Begin PBXSourcesBuildPhase section */
		2AF459291B7737A200708CAB /* Sources */ = {
			isa = PBXSourcesBuildPhase;
			buildActionMask = 2147483647;
			files = (
				2AF459351B7737A200708CAB /* TipViewController.swift in Sources */,
				2AF459331B7737A200708CAB /* AppDelegate.swift in Sources */,
				2A6864F01B77402700884502 /* SettingViewController.swift in Sources */,
			);
			runOnlyForDeploymentPostprocessing = 0;
		};
		2AF4593E1B7737A300708CAB /* Sources */ = {
			isa = PBXSourcesBuildPhase;
			buildActionMask = 2147483647;
			files = (
				2AF459491B7737A300708CAB /* Tip_CalculatorTests.swift in Sources */,
			);
			runOnlyForDeploymentPostprocessing = 0;
		};
/* End PBXSourcesBuildPhase section */

/* Begin PBXTargetDependency section */
		2AF459441B7737A300708CAB /* PBXTargetDependency */ = {
			isa = PBXTargetDependency;
			target = 2AF4592C1B7737A200708CAB /* Tip Calculator */;
			targetProxy = 2AF459431B7737A300708CAB /* PBXContainerItemProxy */;
		};
/* End PBXTargetDependency section */

/* Begin PBXVariantGroup section */
		2AF459361B7737A200708CAB /* Main.storyboard */ = {
			isa = PBXVariantGroup;
			children = (
				2AF459371B7737A200708CAB /* Base */,
			);
			name = Main.storyboard;
			sourceTree = "<group>";
		};
		2AF4593B1B7737A200708CAB /* LaunchScreen.xib */ = {
			isa = PBXVariantGroup;
			children = (
				2AF4593C1B7737A200708CAB /* Base */,
			);
			name = LaunchScreen.xib;
			sourceTree = "<group>";
		};
/* End PBXVariantGroup section */

/* Begin XCBuildConfiguration section */
		2AF4594A1B7737A300708CAB /* Debug */ = {
			isa = XCBuildConfiguration;
			buildSettings = {
				ALWAYS_SEARCH_USER_PATHS = NO;
				CLANG_CXX_LANGUAGE_STANDARD = "gnu++0x";
				CLANG_CXX_LIBRARY = "libc++";
				CLANG_ENABLE_MODULES = YES;
				CLANG_ENABLE_OBJC_ARC = YES;
				CLANG_WARN_BOOL_CONVERSION = YES;
				CLANG_WARN_CONSTANT_CONVERSION = YES;
				CLANG_WARN_DIRECT_OBJC_ISA_USAGE = YES_ERROR;
				CLANG_WARN_EMPTY_BODY = YES;
				CLANG_WARN_ENUM_CONVERSION = YES;
				CLANG_WARN_INT_CONVERSION = YES;
				CLANG_WARN_OBJC_ROOT_CLASS = YES_ERROR;
				CLANG_WARN_UNREACHABLE_CODE = YES;
				CLANG_WARN__DUPLICATE_METHOD_MATCH = YES;
				"CODE_SIGN_IDENTITY[sdk=iphoneos*]" = "iPhone Developer";
				COPY_PHASE_STRIP = NO;
				DEBUG_INFORMATION_FORMAT = "dwarf-with-dsym";
				ENABLE_STRICT_OBJC_MSGSEND = YES;
				GCC_C_LANGUAGE_STANDARD = gnu99;
				GCC_DYNAMIC_NO_PIC = NO;
				GCC_NO_COMMON_BLOCKS = YES;
				GCC_OPTIMIZATION_LEVEL = 0;
				GCC_PREPROCESSOR_DEFINITIONS = (
					"DEBUG=1",
					"$(inherited)",
				);
				GCC_SYMBOLS_PRIVATE_EXTERN = NO;
				GCC_WARN_64_TO_32_BIT_CONVERSION = YES;
				GCC_WARN_ABOUT_RETURN_TYPE = YES_ERROR;
				GCC_WARN_UNDECLARED_SELECTOR = YES;
				GCC_WARN_UNINITIALIZED_AUTOS = YES_AGGRESSIVE;
				GCC_WARN_UNUSED_FUNCTION = YES;
				GCC_WARN_UNUSED_VARIABLE = YES;
				IPHONEOS_DEPLOYMENT_TARGET = 8.4;
				MTL_ENABLE_DEBUG_INFO = YES;
				ONLY_ACTIVE_ARCH = YES;
				SDKROOT = iphoneos;
				SWIFT_OPTIMIZATION_LEVEL = "-Onone";
			};
			name = Debug;
		};
		2AF4594B1B7737A300708CAB /* Release */ = {
			isa = XCBuildConfiguration;
			buildSettings = {
				ALWAYS_SEARCH_USER_PATHS = NO;
				CLANG_CXX_LANGUAGE_STANDARD = "gnu++0x";
				CLANG_CXX_LIBRARY = "libc++";
				CLANG_ENABLE_MODULES = YES;
				CLANG_ENABLE_OBJC_ARC = YES;
				CLANG_WARN_BOOL_CONVERSION = YES;
				CLANG_WARN_CONSTANT_CONVERSION = YES;
				CLANG_WARN_DIRECT_OBJC_ISA_USAGE = YES_ERROR;
				CLANG_WARN_EMPTY_BODY = YES;
				CLANG_WARN_ENUM_CONVERSION = YES;
				CLANG_WARN_INT_CONVERSION = YES;
				CLANG_WARN_OBJC_ROOT_CLASS = YES_ERROR;
				CLANG_WARN_UNREACHABLE_CODE = YES;
				CLANG_WARN__DUPLICATE_METHOD_MATCH = YES;
				"CODE_SIGN_IDENTITY[sdk=iphoneos*]" = "iPhone Developer";
				COPY_PHASE_STRIP = NO;
				DEBUG_INFORMATION_FORMAT = "dwarf-with-dsym";
				ENABLE_NS_ASSERTIONS = NO;
				ENABLE_STRICT_OBJC_MSGSEND = YES;
				GCC_C_LANGUAGE_STANDARD = gnu99;
				GCC_NO_COMMON_BLOCKS = YES;
				GCC_WARN_64_TO_32_BIT_CONVERSION = YES;
				GCC_WARN_ABOUT_RETURN_TYPE = YES_ERROR;
				GCC_WARN_UNDECLARED_SELECTOR = YES;
				GCC_WARN_UNINITIALIZED_AUTOS = YES_AGGRESSIVE;
				GCC_WARN_UNUSED_FUNCTION = YES;
				GCC_WARN_UNUSED_VARIABLE = YES;
				IPHONEOS_DEPLOYMENT_TARGET = 8.4;
				MTL_ENABLE_DEBUG_INFO = NO;
				SDKROOT = iphoneos;
				VALIDATE_PRODUCT = YES;
			};
			name = Release;
		};
		2AF4594D1B7737A300708CAB /* Debug */ = {
			isa = XCBuildConfiguration;
			buildSettings = {
				ASSETCATALOG_COMPILER_APPICON_NAME = AppIcon;
				INFOPLIST_FILE = "Tip Calculator/Info.plist";
				IPHONEOS_DEPLOYMENT_TARGET = 7.0;
				LD_RUNPATH_SEARCH_PATHS = "$(inherited) @executable_path/Frameworks";
				PRODUCT_NAME = "$(TARGET_NAME)";
			};
			name = Debug;
		};
		2AF4594E1B7737A300708CAB /* Release */ = {
			isa = XCBuildConfiguration;
			buildSettings = {
				ASSETCATALOG_COMPILER_APPICON_NAME = AppIcon;
				INFOPLIST_FILE = "Tip Calculator/Info.plist";
				IPHONEOS_DEPLOYMENT_TARGET = 7.0;
				LD_RUNPATH_SEARCH_PATHS = "$(inherited) @executable_path/Frameworks";
				PRODUCT_NAME = "$(TARGET_NAME)";
			};
			name = Release;
		};
		2AF459501B7737A300708CAB /* Debug */ = {
			isa = XCBuildConfiguration;
			buildSettings = {
				BUNDLE_LOADER = "$(TEST_HOST)";
				FRAMEWORK_SEARCH_PATHS = (
					"$(SDKROOT)/Developer/Library/Frameworks",
					"$(inherited)",
				);
				GCC_PREPROCESSOR_DEFINITIONS = (
					"DEBUG=1",
					"$(inherited)",
				);
				INFOPLIST_FILE = "Tip CalculatorTests/Info.plist";
				LD_RUNPATH_SEARCH_PATHS = "$(inherited) @executable_path/Frameworks @loader_path/Frameworks";
				PRODUCT_NAME = "$(TARGET_NAME)";
				TEST_HOST = "$(BUILT_PRODUCTS_DIR)/Tip Calculator.app/Tip Calculator";
			};
			name = Debug;
		};
		2AF459511B7737A300708CAB /* Release */ = {
			isa = XCBuildConfiguration;
			buildSettings = {
				BUNDLE_LOADER = "$(TEST_HOST)";
				FRAMEWORK_SEARCH_PATHS = (
					"$(SDKROOT)/Developer/Library/Frameworks",
					"$(inherited)",
				);
				INFOPLIST_FILE = "Tip CalculatorTests/Info.plist";
				LD_RUNPATH_SEARCH_PATHS = "$(inherited) @executable_path/Frameworks @loader_path/Frameworks";
				PRODUCT_NAME = "$(TARGET_NAME)";
				TEST_HOST = "$(BUILT_PRODUCTS_DIR)/Tip Calculator.app/Tip Calculator";
			};
			name = Release;
		};
/* End XCBuildConfiguration section */

/* Begin XCConfigurationList section */
		2AF459281B7737A200708CAB /* Build configuration list for PBXProject "Tip Calculator" */ = {
			isa = XCConfigurationList;
			buildConfigurations = (
				2AF4594A1B7737A300708CAB /* Debug */,
				2AF4594B1B7737A300708CAB /* Release */,
			);
			defaultConfigurationIsVisible = 0;
			defaultConfigurationName = Release;
		};
		2AF4594C1B7737A300708CAB /* Build configuration list for PBXNativeTarget "Tip Calculator" */ = {
			isa = XCConfigurationList;
			buildConfigurations = (
				2AF4594D1B7737A300708CAB /* Debug */,
				2AF4594E1B7737A300708CAB /* Release */,
			);
			defaultConfigurationIsVisible = 0;
			defaultConfigurationName = Release;
		};
		2AF4594F1B7737A300708CAB /* Build configuration list for PBXNativeTarget "Tip CalculatorTests" */ = {
			isa = XCConfigurationList;
			buildConfigurations = (
				2AF459501B7737A300708CAB /* Debug */,
				2AF459511B7737A300708CAB /* Release */,
			);
			defaultConfigurationIsVisible = 0;
			defaultConfigurationName = Release;
		};
/* End XCConfigurationList section */
	};
	rootObject = 2AF459251B7737A200708CAB /* Project object */;
}
